
Microsoft Visual Studio Solution File, Format Version 12.00
# Visual Studio Version 17
VisualStudioVersion = 17.8.0.0
MinimumVisualStudioVersion = 10.0.40219.1
Project("{FAE04EC0-301F-11D3-BF4B-00C04F79EFBC}") = "WinSentinel.Core", "src\WinSentinel.Core\WinSentinel.Core.csproj", "{A1B2C3D4-E5F6-7890-ABCD-EF1234567890}"
EndProject
Project("{FAE04EC0-301F-11D3-BF4B-00C04F79EFBC}") = "WinSentinel.App", "src\WinSentinel.App\WinSentinel.App.csproj", "{B2C3D4E5-F6A7-8901-BCDE-F12345678901}"
EndProject
Project("{2150E333-8FDC-42A3-9474-1A3956D46DE8}") = "tests", "tests", "{7B65DAC4-A86A-4407-8961-1978E04960FD}"
EndProject
Project("{FAE04EC0-301F-11D3-BF4B-00C04F79EFBC}") = "WinSentinel.Tests", "tests\WinSentinel.Tests\WinSentinel.Tests.csproj", "{1E770FE5-321F-46E1-AD05-A2D46C19B831}"
EndProject
Project("{2150E333-8FDC-42A3-9474-1A3956D46DE8}") = "src", "src", "{E8236270-0684-4516-9F5A-A6A860436BC1}"
EndProject
Project("{FAE04EC0-301F-11D3-BF4B-00C04F79EFBC}") = "WinSentinel.Cli", "src\WinSentinel.Cli\WinSentinel.Cli.csproj", "{0F1DA8B9-81AD-4222-A9C3-848917A5B952}"
EndProject
Project("{FAE04EC0-301F-11D3-BF4B-00C04F79EFBC}") = "WinSentinel.Agent", "src\WinSentinel.Agent\WinSentinel.Agent.csproj", "{D4E5F6A7-B8C9-0123-4567-890ABCDEF012}"
EndProject
Global
	GlobalSection(SolutionConfigurationPlatforms) = preSolution
		Debug|x64 = Debug|x64
		Release|x64 = Release|x64
		Debug|x86 = Debug|x86
		Release|x86 = Release|x86
		Debug|ARM64 = Debug|ARM64
		Release|ARM64 = Release|ARM64
	EndGlobalSection
	GlobalSection(ProjectConfigurationPlatforms) = postSolution
		{A1B2C3D4-E5F6-7890-ABCD-EF1234567890}.Debug|x64.ActiveCfg = Debug|AnyCPU
		{A1B2C3D4-E5F6-7890-ABCD-EF1234567890}.Debug|x64.Build.0 = Debug|AnyCPU
		{A1B2C3D4-E5F6-7890-ABCD-EF1234567890}.Release|x64.ActiveCfg = Release|AnyCPU
		{A1B2C3D4-E5F6-7890-ABCD-EF1234567890}.Release|x64.Build.0 = Release|AnyCPU
		{A1B2C3D4-E5F6-7890-ABCD-EF1234567890}.Debug|x86.ActiveCfg = Debug|AnyCPU
		{A1B2C3D4-E5F6-7890-ABCD-EF1234567890}.Debug|x86.Build.0 = Debug|AnyCPU
		{A1B2C3D4-E5F6-7890-ABCD-EF1234567890}.Release|x86.ActiveCfg = Release|AnyCPU
		{A1B2C3D4-E5F6-7890-ABCD-EF1234567890}.Release|x86.Build.0 = Release|AnyCPU
		{A1B2C3D4-E5F6-7890-ABCD-EF1234567890}.Debug|ARM64.ActiveCfg = Debug|AnyCPU
		{A1B2C3D4-E5F6-7890-ABCD-EF1234567890}.Debug|ARM64.Build.0 = Debug|AnyCPU
		{A1B2C3D4-E5F6-7890-ABCD-EF1234567890}.Release|ARM64.ActiveCfg = Release|AnyCPU
		{A1B2C3D4-E5F6-7890-ABCD-EF1234567890}.Release|ARM64.Build.0 = Release|AnyCPU
		{B2C3D4E5-F6A7-8901-BCDE-F12345678901}.Debug|x64.ActiveCfg = Debug|x64
		{B2C3D4E5-F6A7-8901-BCDE-F12345678901}.Debug|x64.Build.0 = Debug|x64
		{B2C3D4E5-F6A7-8901-BCDE-F12345678901}.Debug|x64.Deploy.0 = Debug|x64
		{B2C3D4E5-F6A7-8901-BCDE-F12345678901}.Release|x64.ActiveCfg = Release|x64
		{B2C3D4E5-F6A7-8901-BCDE-F12345678901}.Release|x64.Build.0 = Release|x64
		{B2C3D4E5-F6A7-8901-BCDE-F12345678901}.Release|x64.Deploy.0 = Release|x64
		{B2C3D4E5-F6A7-8901-BCDE-F12345678901}.Debug|x86.ActiveCfg = Debug|x86
		{B2C3D4E5-F6A7-8901-BCDE-F12345678901}.Debug|x86.Build.0 = Debug|x86
		{B2C3D4E5-F6A7-8901-BCDE-F12345678901}.Debug|x86.Deploy.0 = Debug|x86
		{B2C3D4E5-F6A7-8901-BCDE-F12345678901}.Release|x86.ActiveCfg = Release|x86
		{B2C3D4E5-F6A7-8901-BCDE-F12345678901}.Release|x86.Build.0 = Release|x86
		{B2C3D4E5-F6A7-8901-BCDE-F12345678901}.Release|x86.Deploy.0 = Release|x86
		{B2C3D4E5-F6A7-8901-BCDE-F12345678901}.Debug|ARM64.ActiveCfg = Debug|ARM64
		{B2C3D4E5-F6A7-8901-BCDE-F12345678901}.Debug|ARM64.Build.0 = Debug|ARM64
		{B2C3D4E5-F6A7-8901-BCDE-F12345678901}.Debug|ARM64.Deploy.0 = Debug|ARM64
		{B2C3D4E5-F6A7-8901-BCDE-F12345678901}.Release|ARM64.ActiveCfg = Release|ARM64
		{B2C3D4E5-F6A7-8901-BCDE-F12345678901}.Release|ARM64.Build.0 = Release|ARM64
		{B2C3D4E5-F6A7-8901-BCDE-F12345678901}.Release|ARM64.Deploy.0 = Release|ARM64
		{1E770FE5-321F-46E1-AD05-A2D46C19B831}.Debug|x64.ActiveCfg = Debug|x64
		{1E770FE5-321F-46E1-AD05-A2D46C19B831}.Debug|x64.Build.0 = Debug|x64
		{1E770FE5-321F-46E1-AD05-A2D46C19B831}.Release|x64.ActiveCfg = Release|x64
		{1E770FE5-321F-46E1-AD05-A2D46C19B831}.Release|x64.Build.0 = Release|x64
		{1E770FE5-321F-46E1-AD05-A2D46C19B831}.Debug|x86.ActiveCfg = Debug|x86
		{1E770FE5-321F-46E1-AD05-A2D46C19B831}.Debug|x86.Build.0 = Debug|x86
		{1E770FE5-321F-46E1-AD05-A2D46C19B831}.Release|x86.ActiveCfg = Release|x86
		{1E770FE5-321F-46E1-AD05-A2D46C19B831}.Release|x86.Build.0 = Release|x86
		{1E770FE5-321F-46E1-AD05-A2D46C19B831}.Debug|ARM64.ActiveCfg = Debug|ARM64
		{1E770FE5-321F-46E1-AD05-A2D46C19B831}.Debug|ARM64.Build.0 = Debug|ARM64
		{1E770FE5-321F-46E1-AD05-A2D46C19B831}.Release|ARM64.ActiveCfg = Release|ARM64
		{1E770FE5-321F-46E1-AD05-A2D46C19B831}.Release|ARM64.Build.0 = Release|ARM64
		{0F1DA8B9-81AD-4222-A9C3-848917A5B952}.Debug|x64.ActiveCfg = Debug|x64
		{0F1DA8B9-81AD-4222-A9C3-848917A5B952}.Debug|x64.Build.0 = Debug|x64
		{0F1DA8B9-81AD-4222-A9C3-848917A5B952}.Release|x64.ActiveCfg = Release|x64
		{0F1DA8B9-81AD-4222-A9C3-848917A5B952}.Release|x64.Build.0 = Release|x64
		{0F1DA8B9-81AD-4222-A9C3-848917A5B952}.Debug|x86.ActiveCfg = Debug|x86
		{0F1DA8B9-81AD-4222-A9C3-848917A5B952}.Debug|x86.Build.0 = Debug|x86
		{0F1DA8B9-81AD-4222-A9C3-848917A5B952}.Release|x86.ActiveCfg = Release|x86
		{0F1DA8B9-81AD-4222-A9C3-848917A5B952}.Release|x86.Build.0 = Release|x86
		{0F1DA8B9-81AD-4222-A9C3-848917A5B952}.Debug|ARM64.ActiveCfg = Debug|ARM64
		{0F1DA8B9-81AD-4222-A9C3-848917A5B952}.Debug|ARM64.Build.0 = Debug|ARM64
		{0F1DA8B9-81AD-4222-A9C3-848917A5B952}.Release|ARM64.ActiveCfg = Release|ARM64
		{0F1DA8B9-81AD-4222-A9C3-848917A5B952}.Release|ARM64.Build.0 = Release|ARM64
		{D4E5F6A7-B8C9-0123-4567-890ABCDEF012}.Debug|x64.ActiveCfg = Debug|AnyCPU
		{D4E5F6A7-B8C9-0123-4567-890ABCDEF012}.Debug|x64.Build.0 = Debug|AnyCPU
		{D4E5F6A7-B8C9-0123-4567-890ABCDEF012}.Release|x64.ActiveCfg = Release|AnyCPU
		{D4E5F6A7-B8C9-0123-4567-890ABCDEF012}.Release|x64.Build.0 = Release|AnyCPU
		{D4E5F6A7-B8C9-0123-4567-890ABCDEF012}.Debug|x86.ActiveCfg = Debug|AnyCPU
		{D4E5F6A7-B8C9-0123-4567-890ABCDEF012}.Debug|x86.Build.0 = Debug|AnyCPU
		{D4E5F6A7-B8C9-0123-4567-890ABCDEF012}.Release|x86.ActiveCfg = Release|AnyCPU
		{D4E5F6A7-B8C9-0123-4567-890ABCDEF012}.Release|x86.Build.0 = Release|AnyCPU
		{D4E5F6A7-B8C9-0123-4567-890ABCDEF012}.Debug|ARM64.ActiveCfg = Debug|AnyCPU
		{D4E5F6A7-B8C9-0123-4567-890ABCDEF012}.Debug|ARM64.Build.0 = Debug|AnyCPU
		{D4E5F6A7-B8C9-0123-4567-890ABCDEF012}.Release|ARM64.ActiveCfg = Release|AnyCPU
		{D4E5F6A7-B8C9-0123-4567-890ABCDEF012}.Release|ARM64.Build.0 = Release|AnyCPU
	EndGlobalSection
	GlobalSection(NestedProjects) = preSolution
		{1E770FE5-321F-46E1-AD05-A2D46C19B831} = {7B65DAC4-A86A-4407-8961-1978E04960FD}
		{0F1DA8B9-81AD-4222-A9C3-848917A5B952} = {E8236270-0684-4516-9F5A-A6A860436BC1}
		{D4E5F6A7-B8C9-0123-4567-890ABCDEF012} = {E8236270-0684-4516-9F5A-A6A860436BC1}
	EndGlobalSection
EndGlobal
